// !$*UTF8*$!
{
	archiveVersion = 1;
	classes = {
	};
	objectVersion = 55;
	objects = {

/* Begin PBXBuildFile section */
		F21B58452822799D0043F473 /* AppDelegate.swift in Sources */ = {isa = PBXBuildFile; fileRef = F21B58442822799D0043F473 /* AppDelegate.swift */; };
		F21B58472822799D0043F473 /* SceneDelegate.swift in Sources */ = {isa = PBXBuildFile; fileRef = F21B58462822799D0043F473 /* SceneDelegate.swift */; };
		F21B58492822799D0043F473 /* MainViewController.swift in Sources */ = {isa = PBXBuildFile; fileRef = F21B58482822799D0043F473 /* MainViewController.swift */; };
		F21B584C2822799D0043F473 /* Main.storyboard in Resources */ = {isa = PBXBuildFile; fileRef = F21B584A2822799D0043F473 /* Main.storyboard */; };
		F21B584E2822799D0043F473 /* Assets.xcassets in Resources */ = {isa = PBXBuildFile; fileRef = F21B584D2822799D0043F473 /* Assets.xcassets */; };
		F21B58512822799D0043F473 /* LaunchScreen.storyboard in Resources */ = {isa = PBXBuildFile; fileRef = F21B584F2822799D0043F473 /* LaunchScreen.storyboard */; };
		F2B85D7A28250596001F81AE /* UserDetailViewController.swift in Sources */ = {isa = PBXBuildFile; fileRef = F2B85D7928250596001F81AE /* UserDetailViewController.swift */; };
		F2B85D7C28261223001F81AE /* MyBookCell.swift in Sources */ = {isa = PBXBuildFile; fileRef = F2B85D7B28261223001F81AE /* MyBookCell.swift */; };
		F2BB51AD2823AE7B0079C4CF /* Book.swift in Sources */ = {isa = PBXBuildFile; fileRef = F2BB51AC2823AE7B0079C4CF /* Book.swift */; };
		F2BB51AF2823B2770079C4CF /* User.swift in Sources */ = {isa = PBXBuildFile; fileRef = F2BB51AE2823B2770079C4CF /* User.swift */; };
		F2BB51B12823C3A80079C4CF /* BookCell.swift in Sources */ = {isa = PBXBuildFile; fileRef = F2BB51B02823C3A80079C4CF /* BookCell.swift */; };
/* End PBXBuildFile section */

/* Begin PBXFileReference section */
		F21B58412822799D0043F473 /* MyLibrary.app */ = {isa = PBXFileReference; explicitFileType = wrapper.application; includeInIndex = 0; path = MyLibrary.app; sourceTree = BUILT_PRODUCTS_DIR; };
		F21B58442822799D0043F473 /* AppDelegate.swift */ = {isa = PBXFileReference; lastKnownFileType = sourcecode.swift; path = AppDelegate.swift; sourceTree = "<group>"; };
		F21B58462822799D0043F473 /* SceneDelegate.swift */ = {isa = PBXFileReference; lastKnownFileType = sourcecode.swift; path = SceneDelegate.swift; sourceTree = "<group>"; };
		F21B58482822799D0043F473 /* MainViewController.swift */ = {isa = PBXFileReference; lastKnownFileType = sourcecode.swift; path = MainViewController.swift; sourceTree = "<group>"; };
		F21B584B2822799D0043F473 /* Base */ = {isa = PBXFileReference; lastKnownFileType = file.storyboard; name = Base; path = Base.lproj/Main.storyboard; sourceTree = "<group>"; };
		F21B584D2822799D0043F473 /* Assets.xcassets */ = {isa = PBXFileReference; lastKnownFileType = folder.assetcatalog; path = Assets.xcassets; sourceTree = "<group>"; };
		F21B58502822799D0043F473 /* Base */ = {isa = PBXFileReference; lastKnownFileType = file.storyboard; name = Base; path = Base.lproj/LaunchScreen.storyboard; sourceTree = "<group>"; };
		F21B58522822799D0043F473 /* Info.plist */ = {isa = PBXFileReference; lastKnownFileType = text.plist.xml; path = Info.plist; sourceTree = "<group>"; };
		F2B85D7928250596001F81AE /* UserDetailViewController.swift */ = {isa = PBXFileReference; lastKnownFileType = sourcecode.swift; path = UserDetailViewController.swift; sourceTree = "<group>"; };
		F2B85D7B28261223001F81AE /* MyBookCell.swift */ = {isa = PBXFileReference; lastKnownFileType = sourcecode.swift; path = MyBookCell.swift; sourceTree = "<group>"; };
		F2BB51AC2823AE7B0079C4CF /* Book.swift */ = {isa = PBXFileReference; lastKnownFileType = sourcecode.swift; path = Book.swift; sourceTree = "<group>"; };
		F2BB51AE2823B2770079C4CF /* User.swift */ = {isa = PBXFileReference; lastKnownFileType = sourcecode.swift; path = User.swift; sourceTree = "<group>"; };
		F2BB51B02823C3A80079C4CF /* BookCell.swift */ = {isa = PBXFileReference; lastKnownFileType = sourcecode.swift; path = BookCell.swift; sourceTree = "<group>"; };
/* End PBXFileReference section */

/* Begin PBXFrameworksBuildPhase section */
		F21B583E2822799D0043F473 /* Frameworks */ = {
			isa = PBXFrameworksBuildPhase;
			buildActionMask = 2147483647;
			files = (
			);
			runOnlyForDeploymentPostprocessing = 0;
		};
/* End PBXFrameworksBuildPhase section */

/* Begin PBXGroup section */
		F21B58382822799D0043F473 = {
			isa = PBXGroup;
			children = (
				F21B58432822799D0043F473 /* MyLibrary */,
				F21B58422822799D0043F473 /* Products */,
			);
			sourceTree = "<group>";
		};
		F21B58422822799D0043F473 /* Products */ = {
			isa = PBXGroup;
			children = (
				F21B58412822799D0043F473 /* MyLibrary.app */,
			);
			name = Products;
			sourceTree = "<group>";
		};
		F21B58432822799D0043F473 /* MyLibrary */ = {
			isa = PBXGroup;
			children = (
				F28935D1282D0080009DD0E6 /* LifeCycle */,
				F2BB51A92823AE4E0079C4CF /* Model */,
				F2BB51AB2823AE5F0079C4CF /* View */,
				F2BB51AA2823AE520079C4CF /* Controller */,
				F21B584D2822799D0043F473 /* Assets.xcassets */,
				F21B58522822799D0043F473 /* Info.plist */,
			);
			path = MyLibrary;
			sourceTree = "<group>";
		};
		F2201967283004FE0096ADD0 /* MainViewController */ = {
			isa = PBXGroup;
			children = (
				F21B58482822799D0043F473 /* MainViewController.swift */,
				F2BB51B02823C3A80079C4CF /* BookCell.swift */,
			);
			path = MainViewController;
			sourceTree = "<group>";
		};
		F2201968283005060096ADD0 /* UserDetailViewController */ = {
			isa = PBXGroup;
			children = (
				F2B85D7928250596001F81AE /* UserDetailViewController.swift */,
				F2B85D7B28261223001F81AE /* MyBookCell.swift */,
			);
			path = UserDetailViewController;
			sourceTree = "<group>";
		};
		F28935D1282D0080009DD0E6 /* LifeCycle */ = {
			isa = PBXGroup;
			children = (
				F21B58442822799D0043F473 /* AppDelegate.swift */,
				F21B58462822799D0043F473 /* SceneDelegate.swift */,
			);
			path = LifeCycle;
			sourceTree = "<group>";
		};
		F2BB51A92823AE4E0079C4CF /* Model */ = {
			isa = PBXGroup;
			children = (
				F2BB51AC2823AE7B0079C4CF /* Book.swift */,
				F2BB51AE2823B2770079C4CF /* User.swift */,
			);
			path = Model;
			sourceTree = "<group>";
		};
		F2BB51AA2823AE520079C4CF /* Controller */ = {
			isa = PBXGroup;
			children = (
				F2201967283004FE0096ADD0 /* MainViewController */,
				F2201968283005060096ADD0 /* UserDetailViewController */,
			);
			path = Controller;
			sourceTree = "<group>";
		};
		F2BB51AB2823AE5F0079C4CF /* View */ = {
			isa = PBXGroup;
			children = (
				F21B584F2822799D0043F473 /* LaunchScreen.storyboard */,
				F21B584A2822799D0043F473 /* Main.storyboard */,
			);
			path = View;
			sourceTree = "<group>";
		};
/* End PBXGroup section */

/* Begin PBXNativeTarget section */
		F21B58402822799D0043F473 /* MyLibrary */ = {
			isa = PBXNativeTarget;
			buildConfigurationList = F21B58552822799D0043F473 /* Build configuration list for PBXNativeTarget "MyLibrary" */;
			buildPhases = (
				F21B583D2822799D0043F473 /* Sources */,
				F21B583E2822799D0043F473 /* Frameworks */,
				F21B583F2822799D0043F473 /* Resources */,
			);
			buildRules = (
			);
			dependencies = (
			);
			name = MyLibrary;
			productName = MyLibrary;
			productReference = F21B58412822799D0043F473 /* MyLibrary.app */;
			productType = "com.apple.product-type.application";
		};
/* End PBXNativeTarget section */

/* Begin PBXProject section */
		F21B58392822799D0043F473 /* Project object */ = {
			isa = PBXProject;
			attributes = {
				BuildIndependentTargetsInParallel = 1;
				LastSwiftUpdateCheck = 1330;
				LastUpgradeCheck = 1330;
				TargetAttributes = {
					F21B58402822799D0043F473 = {
						CreatedOnToolsVersion = 13.3;
					};
				};
			};
			buildConfigurationList = F21B583C2822799D0043F473 /* Build configuration list for PBXProject "MyLibrary" */;
			compatibilityVersion = "Xcode 13.0";
			developmentRegion = en;
			hasScannedForEncodings = 0;
			knownRegions = (
				en,
				Base,
			);
			mainGroup = F21B58382822799D0043F473;
			productRefGroup = F21B58422822799D0043F473 /* Products */;
			projectDirPath = "";
			projectRoot = "";
			targets = (
				F21B58402822799D0043F473 /* MyLibrary */,
			);
		};
/* End PBXProject section */

/* Begin PBXResourcesBuildPhase section */
		F21B583F2822799D0043F473 /* Resources */ = {
			isa = PBXResourcesBuildPhase;
			buildActionMask = 2147483647;
			files = (
				F21B58512822799D0043F473 /* LaunchScreen.storyboard in Resources */,
				F21B584E2822799D0043F473 /* Assets.xcassets in Resources */,
				F21B584C2822799D0043F473 /* Main.storyboard in Resources */,
			);
			runOnlyForDeploymentPostprocessing = 0;
		};
/* End PBXResourcesBuildPhase section */

/* Begin PBXSourcesBuildPhase section */
		F21B583D2822799D0043F473 /* Sources */ = {
			isa = PBXSourcesBuildPhase;
			buildActionMask = 2147483647;
			files = (
				F2B85D7A28250596001F81AE /* UserDetailViewController.swift in Sources */,
				F2BB51B12823C3A80079C4CF /* BookCell.swift in Sources */,
				F2BB51AD2823AE7B0079C4CF /* Book.swift in Sources */,
				F21B58492822799D0043F473 /* MainViewController.swift in Sources */,
				F2B85D7C28261223001F81AE /* MyBookCell.swift in Sources */,
				F21B58452822799D0043F473 /* AppDelegate.swift in Sources */,
				F2BB51AF2823B2770079C4CF /* User.swift in Sources */,
				F21B58472822799D0043F473 /* SceneDelegate.swift in Sources */,
			);
			runOnlyForDeploymentPostprocessing = 0;
		};
/* End PBXSourcesBuildPhase section */

/* Begin PBXVariantGroup section */
		F21B584A2822799D0043F473 /* Main.storyboard */ = {
			isa = PBXVariantGroup;
			children = (
				F21B584B2822799D0043F473 /* Base */,
			);
			name = Main.storyboard;
			sourceTree = "<group>";
		};
		F21B584F2822799D0043F473 /* LaunchScreen.storyboard */ = {
			isa = PBXVariantGroup;
			children = (
				F21B58502822799D0043F473 /* Base */,
			);
			name = LaunchScreen.storyboard;
			sourceTree = "<group>";
		};
/* End PBXVariantGroup section */

/* Begin XCBuildConfiguration section */
		F21B58532822799D0043F473 /* Debug */ = {
			isa = XCBuildConfiguration;
			buildSettings = {
				ALWAYS_SEARCH_USER_PATHS = NO;
				CLANG_ANALYZER_NONNULL = YES;
				CLANG_ANALYZER_NUMBER_OBJECT_CONVERSION = YES_AGGRESSIVE;
				CLANG_CXX_LANGUAGE_STANDARD = "gnu++17";
				CLANG_ENABLE_MODULES = YES;
				CLANG_ENABLE_OBJC_ARC = YES;
				CLANG_ENABLE_OBJC_WEAK = YES;
				CLANG_WARN_BLOCK_CAPTURE_AUTORELEASING = YES;
				CLANG_WARN_BOOL_CONVERSION = YES;
				CLANG_WARN_COMMA = YES;
				CLANG_WARN_CONSTANT_CONVERSION = YES;
				CLANG_WARN_DEPRECATED_OBJC_IMPLEMENTATIONS = YES;
				CLANG_WARN_DIRECT_OBJC_ISA_USAGE = YES_ERROR;
				CLANG_WARN_DOCUMENTATION_COMMENTS = YES;
				CLANG_WARN_EMPTY_BODY = YES;
				CLANG_WARN_ENUM_CONVERSION = YES;
				CLANG_WARN_INFINITE_RECURSION = YES;
				CLANG_WARN_INT_CONVERSION = YES;
				CLANG_WARN_NON_LITERAL_NULL_CONVERSION = YES;
				CLANG_WARN_OBJC_IMPLICIT_RETAIN_SELF = YES;
				CLANG_WARN_OBJC_LITERAL_CONVERSION = YES;
				CLANG_WARN_OBJC_ROOT_CLASS = YES_ERROR;
				CLANG_WARN_QUOTED_INCLUDE_IN_FRAMEWORK_HEADER = YES;
				CLANG_WARN_RANGE_LOOP_ANALYSIS = YES;
				CLANG_WARN_STRICT_PROTOTYPES = YES;
				CLANG_WARN_SUSPICIOUS_MOVE = YES;
				CLANG_WARN_UNGUARDED_AVAILABILITY = YES_AGGRESSIVE;
				CLANG_WARN_UNREACHABLE_CODE = YES;
				CLANG_WARN__DUPLICATE_METHOD_MATCH = YES;
				COPY_PHASE_STRIP = NO;
				DEBUG_INFORMATION_FORMAT = dwarf;
				ENABLE_STRICT_OBJC_MSGSEND = YES;
				ENABLE_TESTABILITY = YES;
				GCC_C_LANGUAGE_STANDARD = gnu11;
				GCC_DYNAMIC_NO_PIC = NO;
				GCC_NO_COMMON_BLOCKS = YES;
				GCC_OPTIMIZATION_LEVEL = 0;
				GCC_PREPROCESSOR_DEFINITIONS = (
					"DEBUG=1",
					"$(inherited)",
				);
				GCC_WARN_64_TO_32_BIT_CONVERSION = YES;
				GCC_WARN_ABOUT_RETURN_TYPE = YES_ERROR;
				GCC_WARN_UNDECLARED_SELECTOR = YES;
				GCC_WARN_UNINITIALIZED_AUTOS = YES_AGGRESSIVE;
				GCC_WARN_UNUSED_FUNCTION = YES;
				GCC_WARN_UNUSED_VARIABLE = YES;
				IPHONEOS_DEPLOYMENT_TARGET = 15.4;
				MTL_ENABLE_DEBUG_INFO = INCLUDE_SOURCE;
				MTL_FAST_MATH = YES;
				ONLY_ACTIVE_ARCH = YES;
				SDKROOT = iphoneos;
				SWIFT_ACTIVE_COMPILATION_CONDITIONS = DEBUG;
				SWIFT_OPTIMIZATION_LEVEL = "-Onone";
			};
			name = Debug;
		};
		F21B58542822799D0043F473 /* Release */ = {
			isa = XCBuildConfiguration;
			buildSettings = {
				ALWAYS_SEARCH_USER_PATHS = NO;
				CLANG_ANALYZER_NONNULL = YES;
				CLANG_ANALYZER_NUMBER_OBJECT_CONVERSION = YES_AGGRESSIVE;
				CLANG_CXX_LANGUAGE_STANDARD = "gnu++17";
				CLANG_ENABLE_MODULES = YES;
				CLANG_ENABLE_OBJC_ARC = YES;
				CLANG_ENABLE_OBJC_WEAK = YES;
				CLANG_WARN_BLOCK_CAPTURE_AUTORELEASING = YES;
				CLANG_WARN_BOOL_CONVERSION = YES;
				CLANG_WARN_COMMA = YES;
				CLANG_WARN_CONSTANT_CONVERSION = YES;
				CLANG_WARN_DEPRECATED_OBJC_IMPLEMENTATIONS = YES;
				CLANG_WARN_DIRECT_OBJC_ISA_USAGE = YES_ERROR;
				CLANG_WARN_DOCUMENTATION_COMMENTS = YES;
				CLANG_WARN_EMPTY_BODY = YES;
				CLANG_WARN_ENUM_CONVERSION = YES;
				CLANG_WARN_INFINITE_RECURSION = YES;
				CLANG_WARN_INT_CONVERSION = YES;
				CLANG_WARN_NON_LITERAL_NULL_CONVERSION = YES;
				CLANG_WARN_OBJC_IMPLICIT_RETAIN_SELF = YES;
				CLANG_WARN_OBJC_LITERAL_CONVERSION = YES;
				CLANG_WARN_OBJC_ROOT_CLASS = YES_ERROR;
				CLANG_WARN_QUOTED_INCLUDE_IN_FRAMEWORK_HEADER = YES;
				CLANG_WARN_RANGE_LOOP_ANALYSIS = YES;
				CLANG_WARN_STRICT_PROTOTYPES = YES;
				CLANG_WARN_SUSPICIOUS_MOVE = YES;
				CLANG_WARN_UNGUARDED_AVAILABILITY = YES_AGGRESSIVE;
				CLANG_WARN_UNREACHABLE_CODE = YES;
				CLANG_WARN__DUPLICATE_METHOD_MATCH = YES;
				COPY_PHASE_STRIP = NO;
				DEBUG_INFORMATION_FORMAT = "dwarf-with-dsym";
				ENABLE_NS_ASSERTIONS = NO;
				ENABLE_STRICT_OBJC_MSGSEND = YES;
				GCC_C_LANGUAGE_STANDARD = gnu11;
				GCC_NO_COMMON_BLOCKS = YES;
				GCC_WARN_64_TO_32_BIT_CONVERSION = YES;
				GCC_WARN_ABOUT_RETURN_TYPE = YES_ERROR;
				GCC_WARN_UNDECLARED_SELECTOR = YES;
				GCC_WARN_UNINITIALIZED_AUTOS = YES_AGGRESSIVE;
				GCC_WARN_UNUSED_FUNCTION = YES;
				GCC_WARN_UNUSED_VARIABLE = YES;
				IPHONEOS_DEPLOYMENT_TARGET = 15.4;
				MTL_ENABLE_DEBUG_INFO = NO;
				MTL_FAST_MATH = YES;
				SDKROOT = iphoneos;
				SWIFT_COMPILATION_MODE = wholemodule;
				SWIFT_OPTIMIZATION_LEVEL = "-O";
				VALIDATE_PRODUCT = YES;
			};
			name = Release;
		};
		F21B58562822799D0043F473 /* Debug */ = {
			isa = XCBuildConfiguration;
			buildSettings = {
				ASSETCATALOG_COMPILER_APPICON_NAME = AppIcon;
				ASSETCATALOG_COMPILER_GLOBAL_ACCENT_COLOR_NAME = AccentColor;
				CODE_SIGN_STYLE = Automatic;
				CURRENT_PROJECT_VERSION = 1;
				DEVELOPMENT_TEAM = 7PK29N6TB2;
				GENERATE_INFOPLIST_FILE = YES;
				INFOPLIST_FILE = MyLibrary/Info.plist;
				INFOPLIST_KEY_UIApplicationSupportsIndirectInputEvents = YES;
				INFOPLIST_KEY_UILaunchStoryboardName = LaunchScreen;
				INFOPLIST_KEY_UIMainStoryboardFile = Main;
				INFOPLIST_KEY_UISupportedInterfaceOrientations = UIInterfaceOrientationPortrait;
				INFOPLIST_KEY_UISupportedInterfaceOrientations_iPad = "UIInterfaceOrientationPortrait UIInterfaceOrientationPortraitUpsideDown UIInterfaceOrientationLandscapeLeft UIInterfaceOrientationLandscapeRight";
				INFOPLIST_KEY_UISupportedInterfaceOrientations_iPhone = "UIInterfaceOrientationPortrait UIInterfaceOrientationLandscapeLeft UIInterfaceOrientationLandscapeRight";
				LD_RUNPATH_SEARCH_PATHS = (
					"$(inherited)",
					"@executable_path/Frameworks",
				);
				MARKETING_VERSION = 1.0;
				PRODUCT_BUNDLE_IDENTIFIER = com.yonghoon.MyLibrary;
				PRODUCT_NAME = "$(TARGET_NAME)";
				SWIFT_EMIT_LOC_STRINGS = YES;
				SWIFT_VERSION = 5.0;
				TARGETED_DEVICE_FAMILY = 1;
			};
			name = Debug;
		};
		F21B58572822799D0043F473 /* Release */ = {
			isa = XCBuildConfiguration;
			buildSettings = {
				ASSETCATALOG_COMPILER_APPICON_NAME = AppIcon;
				ASSETCATALOG_COMPILER_GLOBAL_ACCENT_COLOR_NAME = AccentColor;
				CODE_SIGN_STYLE = Automatic;
				CURRENT_PROJECT_VERSION = 1;
				DEVELOPMENT_TEAM = 7PK29N6TB2;
				GENERATE_INFOPLIST_FILE = YES;
				INFOPLIST_FILE = MyLibrary/Info.plist;
				INFOPLIST_KEY_UIApplicationSupportsIndirectInputEvents = YES;
				INFOPLIST_KEY_UILaunchStoryboardName = LaunchScreen;
				INFOPLIST_KEY_UIMainStoryboardFile = Main;
				INFOPLIST_KEY_UISupportedInterfaceOrientations = UIInterfaceOrientationPortrait;
				INFOPLIST_KEY_UISupportedInterfaceOrientations_iPad = "UIInterfaceOrientationPortrait UIInterfaceOrientationPortraitUpsideDown UIInterfaceOrientationLandscapeLeft UIInterfaceOrientationLandscapeRight";
				INFOPLIST_KEY_UISupportedInterfaceOrientations_iPhone = "UIInterfaceOrientationPortrait UIInterfaceOrientationLandscapeLeft UIInterfaceOrientationLandscapeRight";
				LD_RUNPATH_SEARCH_PATHS = (
					"$(inherited)",
					"@executable_path/Frameworks",
				);
				MARKETING_VERSION = 1.0;
				PRODUCT_BUNDLE_IDENTIFIER = com.yonghoon.MyLibrary;
				PRODUCT_NAME = "$(TARGET_NAME)";
				SWIFT_EMIT_LOC_STRINGS = YES;
				SWIFT_VERSION = 5.0;
				TARGETED_DEVICE_FAMILY = 1;
			};
			name = Release;
		};
/* End XCBuildConfiguration section */

/* Begin XCConfigurationList section */
		F21B583C2822799D0043F473 /* Build configuration list for PBXProject "MyLibrary" */ = {
			isa = XCConfigurationList;
			buildConfigurations = (
				F21B58532822799D0043F473 /* Debug */,
				F21B58542822799D0043F473 /* Release */,
			);
			defaultConfigurationIsVisible = 0;
			defaultConfigurationName = Release;
		};
		F21B58552822799D0043F473 /* Build configuration list for PBXNativeTarget "MyLibrary" */ = {
			isa = XCConfigurationList;
			buildConfigurations = (
				F21B58562822799D0043F473 /* Debug */,
				F21B58572822799D0043F473 /* Release */,
			);
			defaultConfigurationIsVisible = 0;
			defaultConfigurationName = Release;
		};
/* End XCConfigurationList section */
	};
	rootObject = F21B58392822799D0043F473 /* Project object */;
}
